
Microsoft Visual Studio Solution File, Format Version 12.00
# Visual Studio Version 17
VisualStudioVersion = 17.9.34714.143
MinimumVisualStudioVersion = 10.0.40219.1
Project("{8BC9CEB8-8B4A-11D0-8D11-00A0C91BC942}") = "seminar2", "seminar2.vcxproj", "{4F493796-5F9C-4469-A036-09CA11848DCF}"
EndProject
Global
	GlobalSection(SolutionConfigurationPlatforms) = preSolution
		Debug|x64 = Debug|x64
		Debug|x86 = Debug|x86
		Release|x64 = Release|x64
		Release|x86 = Release|x86
	EndGlobalSection
	GlobalSection(ProjectConfigurationPlatforms) = postSolution
		{4F493796-5F9C-4469-A036-09CA11848DCF}.Debug|x64.ActiveCfg = Debug|x64
		{4F493796-5F9C-4469-A036-09CA11848DCF}.Debug|x64.Build.0 = Debug|x64
		{4F493796-5F9C-4469-A036-09CA11848DCF}.Debug|x86.ActiveCfg = Debug|Win32
		{4F493796-5F9C-4469-A036-09CA11848DCF}.Debug|x86.Build.0 = Debug|Win32
		{4F493796-5F9C-4469-A036-09CA11848DCF}.Release|x64.ActiveCfg = Release|x64
		{4F493796-5F9C-4469-A036-09CA11848DCF}.Release|x64.Build.0 = Release|x64
		{4F493796-5F9C-4469-A036-09CA11848DCF}.Release|x86.ActiveCfg = Release|Win32
		{4F493796-5F9C-4469-A036-09CA11848DCF}.Release|x86.Build.0 = Release|Win32
	EndGlobalSection
	GlobalSection(SolutionProperties) = preSolution
		HideSolutionNode = FALSE
	EndGlobalSection
	GlobalSection(ExtensibilityGlobals) = postSolution
		SolutionGuid = {A2F535EE-4F7F-495A-BA10-DEDE7D9F79E3}
	EndGlobalSection
EndGlobal
